
Microsoft Visual Studio Solution File, Format Version 12.00
# Visual Studio Version 17
VisualStudioVersion = 17.13.35806.99 d17.13
MinimumVisualStudioVersion = 10.0.40219.1
Project("{8BC9CEB8-8B4A-11D0-8D11-00A0C91BC942}") = "bai1", "bai1.vcxproj", "{1A117BA5-4975-4755-AFEE-DC55D1D94F06}"
EndProject
Global
	GlobalSection(SolutionConfigurationPlatforms) = preSolution
		Debug|x64 = Debug|x64
		Debug|x86 = Debug|x86
		Release|x64 = Release|x64
		Release|x86 = Release|x86
	EndGlobalSection
	GlobalSection(ProjectConfigurationPlatforms) = postSolution
		{1A117BA5-4975-4755-AFEE-DC55D1D94F06}.Debug|x64.ActiveCfg = Debug|x64
		{1A117BA5-4975-4755-AFEE-DC55D1D94F06}.Debug|x64.Build.0 = Debug|x64
		{1A117BA5-4975-4755-AFEE-DC55D1D94F06}.Debug|x86.ActiveCfg = Debug|Win32
		{1A117BA5-4975-4755-AFEE-DC55D1D94F06}.Debug|x86.Build.0 = Debug|Win32
		{1A117BA5-4975-4755-AFEE-DC55D1D94F06}.Release|x64.ActiveCfg = Release|x64
		{1A117BA5-4975-4755-AFEE-DC55D1D94F06}.Release|x64.Build.0 = Release|x64
		{1A117BA5-4975-4755-AFEE-DC55D1D94F06}.Release|x86.ActiveCfg = Release|Win32
		{1A117BA5-4975-4755-AFEE-DC55D1D94F06}.Release|x86.Build.0 = Release|Win32
	EndGlobalSection
	GlobalSection(SolutionProperties) = preSolution
		HideSolutionNode = FALSE
	EndGlobalSection
	GlobalSection(ExtensibilityGlobals) = postSolution
		SolutionGuid = {52763493-7A1B-4426-BDE7-0CD8AD02950A}
	EndGlobalSection
EndGlobal
